
Microsoft Visual Studio Solution File, Format Version 12.00
# Visual Studio Version 16
VisualStudioVersion = 16.0.30114.105
MinimumVisualStudioVersion = 10.0.40219.1
Project("{FAE04EC0-301F-11D3-BF4B-00C04F79EFBC}") = "CompareAnyCollections.Core", "CompareAnyCollections.Core\CompareAnyCollections.Core.csproj", "{5AAE4549-7440-4686-B155-D86344628222}"
EndProject
Project("{FAE04EC0-301F-11D3-BF4B-00C04F79EFBC}") = "CompareAnyCollections.Run", "CompareAnyCollections.Run\CompareAnyCollections.Run.csproj", "{60B1E49A-F797-4E47-9181-50665FC75864}"
EndProject
Global
	GlobalSection(SolutionConfigurationPlatforms) = preSolution
		Debug|Any CPU = Debug|Any CPU
		Release|Any CPU = Release|Any CPU
	EndGlobalSection
	GlobalSection(SolutionProperties) = preSolution
		HideSolutionNode = FALSE
	EndGlobalSection
	GlobalSection(ProjectConfigurationPlatforms) = postSolution
		{5AAE4549-7440-4686-B155-D86344628222}.Debug|Any CPU.ActiveCfg = Debug|Any CPU
		{5AAE4549-7440-4686-B155-D86344628222}.Debug|Any CPU.Build.0 = Debug|Any CPU
		{5AAE4549-7440-4686-B155-D86344628222}.Release|Any CPU.ActiveCfg = Release|Any CPU
		{5AAE4549-7440-4686-B155-D86344628222}.Release|Any CPU.Build.0 = Release|Any CPU
		{60B1E49A-F797-4E47-9181-50665FC75864}.Debug|Any CPU.ActiveCfg = Debug|Any CPU
		{60B1E49A-F797-4E47-9181-50665FC75864}.Debug|Any CPU.Build.0 = Debug|Any CPU
		{60B1E49A-F797-4E47-9181-50665FC75864}.Release|Any CPU.ActiveCfg = Release|Any CPU
		{60B1E49A-F797-4E47-9181-50665FC75864}.Release|Any CPU.Build.0 = Release|Any CPU
	EndGlobalSection
EndGlobal
